
Microsoft Visual Studio Solution File, Format Version 12.00
# Visual Studio Version 17
VisualStudioVersion = 17.3.32825.248
MinimumVisualStudioVersion = 10.0.40219.1
Project("{9A19103F-16F7-4668-BE54-9A1E7A4F7556}") = "LogicSolution", "LogicSolution\LogicSolution.csproj", "{2F4FBFB0-1B2B-4B80-90D5-63B4003BF164}"
EndProject
Project("{9A19103F-16F7-4668-BE54-9A1E7A4F7556}") = "LogicSolution.Test", "..\LogicSolution\LogicSolution.Test\LogicSolution.Test.csproj", "{0180F910-A165-4D3E-9F69-2B8EA898019E}"
EndProject
Global
	GlobalSection(SolutionConfigurationPlatforms) = preSolution
		Debug|Any CPU = Debug|Any CPU
		Release|Any CPU = Release|Any CPU
	EndGlobalSection
	GlobalSection(ProjectConfigurationPlatforms) = postSolution
		{2F4FBFB0-1B2B-4B80-90D5-63B4003BF164}.Debug|Any CPU.ActiveCfg = Debug|Any CPU
		{2F4FBFB0-1B2B-4B80-90D5-63B4003BF164}.Debug|Any CPU.Build.0 = Debug|Any CPU
		{2F4FBFB0-1B2B-4B80-90D5-63B4003BF164}.Release|Any CPU.ActiveCfg = Release|Any CPU
		{2F4FBFB0-1B2B-4B80-90D5-63B4003BF164}.Release|Any CPU.Build.0 = Release|Any CPU
		{0180F910-A165-4D3E-9F69-2B8EA898019E}.Debug|Any CPU.ActiveCfg = Debug|Any CPU
		{0180F910-A165-4D3E-9F69-2B8EA898019E}.Debug|Any CPU.Build.0 = Debug|Any CPU
		{0180F910-A165-4D3E-9F69-2B8EA898019E}.Release|Any CPU.ActiveCfg = Release|Any CPU
		{0180F910-A165-4D3E-9F69-2B8EA898019E}.Release|Any CPU.Build.0 = Release|Any CPU
	EndGlobalSection
	GlobalSection(SolutionProperties) = preSolution
		HideSolutionNode = FALSE
	EndGlobalSection
	GlobalSection(ExtensibilityGlobals) = postSolution
		SolutionGuid = {68AF3907-9E4E-40C2-A866-C66A41DD28A6}
	EndGlobalSection
EndGlobal
