
Microsoft Visual Studio Solution File, Format Version 12.00
# Visual Studio Version 17
VisualStudioVersion = 17.3.32825.248
MinimumVisualStudioVersion = 10.0.40219.1
Project("{9A19103F-16F7-4668-BE54-9A1E7A4F7556}") = "LogicSolution", "LogicSolution.csproj", "{2F4FBFB0-1B2B-4B80-90D5-63B4003BF164}"
EndProject
Project("{FAE04EC0-301F-11D3-BF4B-00C04F79EFBC}") = "LogicSolution.Test", "..\LogicSolution.Test\LogicSolution.Test.csproj", "{BA4A5370-60C5-4DEA-8DE1-295949F1CB34}"
EndProject
Global
	GlobalSection(SolutionConfigurationPlatforms) = preSolution
		Debug|Any CPU = Debug|Any CPU
		Release|Any CPU = Release|Any CPU
	EndGlobalSection
	GlobalSection(ProjectConfigurationPlatforms) = postSolution
		{2F4FBFB0-1B2B-4B80-90D5-63B4003BF164}.Debug|Any CPU.ActiveCfg = Debug|Any CPU
		{2F4FBFB0-1B2B-4B80-90D5-63B4003BF164}.Debug|Any CPU.Build.0 = Debug|Any CPU
		{2F4FBFB0-1B2B-4B80-90D5-63B4003BF164}.Release|Any CPU.ActiveCfg = Release|Any CPU
		{2F4FBFB0-1B2B-4B80-90D5-63B4003BF164}.Release|Any CPU.Build.0 = Release|Any CPU
		{BA4A5370-60C5-4DEA-8DE1-295949F1CB34}.Debug|Any CPU.ActiveCfg = Debug|Any CPU
		{BA4A5370-60C5-4DEA-8DE1-295949F1CB34}.Debug|Any CPU.Build.0 = Debug|Any CPU
		{BA4A5370-60C5-4DEA-8DE1-295949F1CB34}.Release|Any CPU.ActiveCfg = Release|Any CPU
		{BA4A5370-60C5-4DEA-8DE1-295949F1CB34}.Release|Any CPU.Build.0 = Release|Any CPU
	EndGlobalSection
	GlobalSection(SolutionProperties) = preSolution
		HideSolutionNode = FALSE
	EndGlobalSection
	GlobalSection(ExtensibilityGlobals) = postSolution
		SolutionGuid = {68AF3907-9E4E-40C2-A866-C66A41DD28A6}
	EndGlobalSection
EndGlobal
